
Microsoft Visual Studio Solution File, Format Version 12.00
# Visual Studio Version 17
VisualStudioVersion = 17.8.34525.116
MinimumVisualStudioVersion = 10.0.40219.1
Project("{FAE04EC0-301F-11D3-BF4B-00C04F79EFBC}") = "RepoAPI", "RepoAPI\RepoAPI.csproj", "{DD2B0017-5C6B-456C-B833-22ECF729412C}"
EndProject
Global
	GlobalSection(SolutionConfigurationPlatforms) = preSolution
		Debug|Any CPU = Debug|Any CPU
		Release|Any CPU = Release|Any CPU
	EndGlobalSection
	GlobalSection(ProjectConfigurationPlatforms) = postSolution
		{DD2B0017-5C6B-456C-B833-22ECF729412C}.Debug|Any CPU.ActiveCfg = Debug|Any CPU
		{DD2B0017-5C6B-456C-B833-22ECF729412C}.Debug|Any CPU.Build.0 = Debug|Any CPU
		{DD2B0017-5C6B-456C-B833-22ECF729412C}.Release|Any CPU.ActiveCfg = Release|Any CPU
		{DD2B0017-5C6B-456C-B833-22ECF729412C}.Release|Any CPU.Build.0 = Release|Any CPU
	EndGlobalSection
	GlobalSection(SolutionProperties) = preSolution
		HideSolutionNode = FALSE
	EndGlobalSection
	GlobalSection(ExtensibilityGlobals) = postSolution
		SolutionGuid = {D3859B85-53B9-4B64-AFD0-A437BEB37DB2}
	EndGlobalSection
EndGlobal
